
Microsoft Visual Studio Solution File, Format Version 12.00
# Visual Studio Version 16
VisualStudioVersion = 16.0.32602.291
MinimumVisualStudioVersion = 10.0.40219.1
Project("{FAE04EC0-301F-11D3-BF4B-00C04F79EFBC}") = "Guichet_bancaire", "Guichet_bancaire\Guichet_bancaire.csproj", "{78DA084D-39EA-43FC-B6BA-1E378C4CA35F}"
EndProject
Global
	GlobalSection(SolutionConfigurationPlatforms) = preSolution
		Debug|Any CPU = Debug|Any CPU
		Release|Any CPU = Release|Any CPU
	EndGlobalSection
	GlobalSection(ProjectConfigurationPlatforms) = postSolution
		{78DA084D-39EA-43FC-B6BA-1E378C4CA35F}.Debug|Any CPU.ActiveCfg = Debug|Any CPU
		{78DA084D-39EA-43FC-B6BA-1E378C4CA35F}.Debug|Any CPU.Build.0 = Debug|Any CPU
		{78DA084D-39EA-43FC-B6BA-1E378C4CA35F}.Release|Any CPU.ActiveCfg = Release|Any CPU
		{78DA084D-39EA-43FC-B6BA-1E378C4CA35F}.Release|Any CPU.Build.0 = Release|Any CPU
	EndGlobalSection
	GlobalSection(SolutionProperties) = preSolution
		HideSolutionNode = FALSE
	EndGlobalSection
	GlobalSection(ExtensibilityGlobals) = postSolution
		SolutionGuid = {F7C7ACA7-7326-40A4-8612-2AF32F77C9D5}
	EndGlobalSection
EndGlobal
