
Microsoft Visual Studio Solution File, Format Version 12.00
# Visual Studio Version 16
VisualStudioVersion = 16.0.32602.291
MinimumVisualStudioVersion = 10.0.40219.1
Project("{FAE04EC0-301F-11D3-BF4B-00C04F79EFBC}") = "I623_LeemansNathan", "I623_LeemansNathan\I623_LeemansNathan.csproj", "{70A7B0CC-6CB1-49DD-B27C-CA7BCD886888}"
EndProject
Global
	GlobalSection(SolutionConfigurationPlatforms) = preSolution
		Debug|Any CPU = Debug|Any CPU
		Release|Any CPU = Release|Any CPU
	EndGlobalSection
	GlobalSection(ProjectConfigurationPlatforms) = postSolution
		{70A7B0CC-6CB1-49DD-B27C-CA7BCD886888}.Debug|Any CPU.ActiveCfg = Debug|Any CPU
		{70A7B0CC-6CB1-49DD-B27C-CA7BCD886888}.Debug|Any CPU.Build.0 = Debug|Any CPU
		{70A7B0CC-6CB1-49DD-B27C-CA7BCD886888}.Release|Any CPU.ActiveCfg = Release|Any CPU
		{70A7B0CC-6CB1-49DD-B27C-CA7BCD886888}.Release|Any CPU.Build.0 = Release|Any CPU
	EndGlobalSection
	GlobalSection(SolutionProperties) = preSolution
		HideSolutionNode = FALSE
	EndGlobalSection
	GlobalSection(ExtensibilityGlobals) = postSolution
		SolutionGuid = {6BC2792E-1278-4A89-AE61-4AF16E33D539}
	EndGlobalSection
EndGlobal
