
Microsoft Visual Studio Solution File, Format Version 12.00
# Visual Studio Version 16
VisualStudioVersion = 16.0.32602.291
MinimumVisualStudioVersion = 10.0.40219.1
Project("{FAE04EC0-301F-11D3-BF4B-00C04F79EFBC}") = "Elephant", "Elephant\Elephant.csproj", "{0E8A9D10-2F11-4918-A70F-2C42FB7B4C15}"
EndProject
Global
	GlobalSection(SolutionConfigurationPlatforms) = preSolution
		Debug|Any CPU = Debug|Any CPU
		Release|Any CPU = Release|Any CPU
	EndGlobalSection
	GlobalSection(ProjectConfigurationPlatforms) = postSolution
		{0E8A9D10-2F11-4918-A70F-2C42FB7B4C15}.Debug|Any CPU.ActiveCfg = Debug|Any CPU
		{0E8A9D10-2F11-4918-A70F-2C42FB7B4C15}.Debug|Any CPU.Build.0 = Debug|Any CPU
		{0E8A9D10-2F11-4918-A70F-2C42FB7B4C15}.Release|Any CPU.ActiveCfg = Release|Any CPU
		{0E8A9D10-2F11-4918-A70F-2C42FB7B4C15}.Release|Any CPU.Build.0 = Release|Any CPU
	EndGlobalSection
	GlobalSection(SolutionProperties) = preSolution
		HideSolutionNode = FALSE
	EndGlobalSection
	GlobalSection(ExtensibilityGlobals) = postSolution
		SolutionGuid = {1C4D9983-A563-4561-BEA5-A5E50DBAAC41}
	EndGlobalSection
EndGlobal
